{
    "_readme": [
        "This file locks the dependencies of your project to a known state",
        "Read more about it at https://getcomposer.org/doc/01-basic-usage.md#installing-dependencies",
        "This file is @generated automatically"
    ],
    "content-hash": "b15597e0965b9f3ccb845749fbc84b67",
    "packages": [
        {
            "name": "denetorus/sketch",
            "version": "dev-master",
            "source": {
                "type": "git",
                "url": "https://github.com/Denetorus/sketch.git",
                "reference": "0b209cca5c800b9fe9fcf7af88151506aedd781e"
            },
            "dist": {
                "type": "zip",
                "url": "https://api.github.com/repos/Denetorus/sketch/zipball/0b209cca5c800b9fe9fcf7af88151506aedd781e",
                "reference": "0b209cca5c800b9fe9fcf7af88151506aedd781e",
                "shasum": ""
            },
            "require": {
                "ext-json": "*",
                "ext-openssl": "*",
                "ext-pdo": "*",
                "ext-pdo_pgsql": "*"
            },
            "default-branch": true,
            "type": "project",
            "notification-url": "https://packagist.org/downloads/",
            "license": [
                "mit"
            ],
            "authors": [
                {
                    "name": "Mylnikov Denis",
                    "email": "gfc-com@mail.ru"
                }
            ],
            "description": "Sketch is the simple php framework",
            "support": {
                "issues": "https://github.com/Denetorus/sketch/issues",
                "source": "https://github.com/Denetorus/sketch/tree/master"
            },
            "time": "2026-05-29T18:43:07+00:00"
        }
    ],
    "packages-dev": [],
    "aliases": [],
    "minimum-stability": "stable",
    "stability-flags": {
        "denetorus/sketch": 20
    },
    "prefer-stable": false,
    "prefer-lowest": false,
    "platform": {
        "ext-json": "*"
    },
    "platform-dev": {},
    "plugin-api-version": "2.9.0"
}
