{
    "_readme": [
        "This file locks the dependencies of your project to a known state",
        "Read more about it at https://getcomposer.org/doc/01-basic-usage.md#installing-dependencies",
        "This file is @generated automatically"
    ],
    "content-hash": "b15597e0965b9f3ccb845749fbc84b67",
    "packages": [
        {
            "name": "denetorus/sketch",
            "version": "dev-master",
            "source": {
                "type": "git",
                "url": "https://github.com/Denetorus/sketch.git",
                "reference": "b96b7f5a5cbf33565dfe97015fd02c64f2d3338f"
            },
            "dist": {
                "type": "zip",
                "url": "https://api.github.com/repos/Denetorus/sketch/zipball/b96b7f5a5cbf33565dfe97015fd02c64f2d3338f",
                "reference": "b96b7f5a5cbf33565dfe97015fd02c64f2d3338f",
                "shasum": ""
            },
            "require": {
                "ext-json": "*",
                "ext-pdo": "*",
                "ext-pdo_pgsql": "*",
                "php": ">=7.2"
            },
            "default-branch": true,
            "type": "project",
            "notification-url": "https://packagist.org/downloads/",
            "license": [
                "mit"
            ],
            "authors": [
                {
                    "name": "Mylnikov Denis",
                    "email": "gfc-com@mail.ru"
                }
            ],
            "description": "Sketch is the simple php framework",
            "support": {
                "issues": "https://github.com/Denetorus/sketch/issues",
                "source": "https://github.com/Denetorus/sketch/tree/master"
            },
            "time": "2023-06-13T10:27:34+00:00"
        }
    ],
    "packages-dev": [],
    "aliases": [],
    "minimum-stability": "stable",
    "stability-flags": {
        "denetorus/sketch": 20
    },
    "prefer-stable": false,
    "prefer-lowest": false,
    "platform": {
        "ext-json": "*"
    },
    "platform-dev": [],
    "plugin-api-version": "2.3.0"
}
